
Microsoft Visual Studio Solution File, Format Version 12.00
# Visual Studio 14
VisualStudioVersion = 14.0.23107.0
MinimumVisualStudioVersion = 10.0.40219.1
Project("{FAE04EC0-301F-11D3-BF4B-00C04F79EFBC}") = "TesteNF.Utils.UnitTesting", "TesteNF.Utils.UnitTesting\TesteNF.Utils.UnitTesting.csproj", "{F2517B56-EFB7-4E98-8DFC-2569A461D9CD}"
EndProject
Project("{FAE04EC0-301F-11D3-BF4B-00C04F79EFBC}") = "TesteNF.Utils", "ClassLibrary1\TesteNF.Utils.csproj", "{0696E1B6-9DFB-4C90-BB41-0BF559F18355}"
EndProject
Global
	GlobalSection(SolutionConfigurationPlatforms) = preSolution
		Debug|Any CPU = Debug|Any CPU
		Release|Any CPU = Release|Any CPU
	EndGlobalSection
	GlobalSection(ProjectConfigurationPlatforms) = postSolution
		{F2517B56-EFB7-4E98-8DFC-2569A461D9CD}.Debug|Any CPU.ActiveCfg = Debug|Any CPU
		{F2517B56-EFB7-4E98-8DFC-2569A461D9CD}.Debug|Any CPU.Build.0 = Debug|Any CPU
		{F2517B56-EFB7-4E98-8DFC-2569A461D9CD}.Release|Any CPU.ActiveCfg = Release|Any CPU
		{F2517B56-EFB7-4E98-8DFC-2569A461D9CD}.Release|Any CPU.Build.0 = Release|Any CPU
		{0696E1B6-9DFB-4C90-BB41-0BF559F18355}.Debug|Any CPU.ActiveCfg = Debug|Any CPU
		{0696E1B6-9DFB-4C90-BB41-0BF559F18355}.Debug|Any CPU.Build.0 = Debug|Any CPU
		{0696E1B6-9DFB-4C90-BB41-0BF559F18355}.Release|Any CPU.ActiveCfg = Release|Any CPU
		{0696E1B6-9DFB-4C90-BB41-0BF559F18355}.Release|Any CPU.Build.0 = Release|Any CPU
	EndGlobalSection
	GlobalSection(SolutionProperties) = preSolution
		HideSolutionNode = FALSE
	EndGlobalSection
EndGlobal
